
Microsoft Visual Studio Solution File, Format Version 12.00
# Visual Studio 2012
Project("{FAE04EC0-301F-11D3-BF4B-00C04F79EFBC}") = "01.SquareRoot", "01.SquareRoot\01.SquareRoot.csproj", "{6EA11BC5-F5EA-43CA-BD58-0A844E271007}"
EndProject
Project("{FAE04EC0-301F-11D3-BF4B-00C04F79EFBC}") = "02.EnterNumbers", "02.EnterNumbers\02.EnterNumbers.csproj", "{92F38A7E-82A4-4EEA-A84B-B4DB83820AC6}"
EndProject
Project("{FAE04EC0-301F-11D3-BF4B-00C04F79EFBC}") = "03.ReadFileContents", "03.ReadFileContents\03.ReadFileContents.csproj", "{3B22B19F-F704-4841-911B-3A0A20871EAF}"
EndProject
Project("{FAE04EC0-301F-11D3-BF4B-00C04F79EFBC}") = "04.DownloadFile", "04.DownloadFile\04.DownloadFile.csproj", "{88285011-A1C2-4C76-9AA4-64FF266DC0B6}"
EndProject
Global
	GlobalSection(SolutionConfigurationPlatforms) = preSolution
		Debug|Any CPU = Debug|Any CPU
		Release|Any CPU = Release|Any CPU
	EndGlobalSection
	GlobalSection(ProjectConfigurationPlatforms) = postSolution
		{6EA11BC5-F5EA-43CA-BD58-0A844E271007}.Debug|Any CPU.ActiveCfg = Debug|Any CPU
		{6EA11BC5-F5EA-43CA-BD58-0A844E271007}.Debug|Any CPU.Build.0 = Debug|Any CPU
		{6EA11BC5-F5EA-43CA-BD58-0A844E271007}.Release|Any CPU.ActiveCfg = Release|Any CPU
		{6EA11BC5-F5EA-43CA-BD58-0A844E271007}.Release|Any CPU.Build.0 = Release|Any CPU
		{92F38A7E-82A4-4EEA-A84B-B4DB83820AC6}.Debug|Any CPU.ActiveCfg = Debug|Any CPU
		{92F38A7E-82A4-4EEA-A84B-B4DB83820AC6}.Debug|Any CPU.Build.0 = Debug|Any CPU
		{92F38A7E-82A4-4EEA-A84B-B4DB83820AC6}.Release|Any CPU.ActiveCfg = Release|Any CPU
		{92F38A7E-82A4-4EEA-A84B-B4DB83820AC6}.Release|Any CPU.Build.0 = Release|Any CPU
		{3B22B19F-F704-4841-911B-3A0A20871EAF}.Debug|Any CPU.ActiveCfg = Debug|Any CPU
		{3B22B19F-F704-4841-911B-3A0A20871EAF}.Debug|Any CPU.Build.0 = Debug|Any CPU
		{3B22B19F-F704-4841-911B-3A0A20871EAF}.Release|Any CPU.ActiveCfg = Release|Any CPU
		{3B22B19F-F704-4841-911B-3A0A20871EAF}.Release|Any CPU.Build.0 = Release|Any CPU
		{88285011-A1C2-4C76-9AA4-64FF266DC0B6}.Debug|Any CPU.ActiveCfg = Debug|Any CPU
		{88285011-A1C2-4C76-9AA4-64FF266DC0B6}.Debug|Any CPU.Build.0 = Debug|Any CPU
		{88285011-A1C2-4C76-9AA4-64FF266DC0B6}.Release|Any CPU.ActiveCfg = Release|Any CPU
		{88285011-A1C2-4C76-9AA4-64FF266DC0B6}.Release|Any CPU.Build.0 = Release|Any CPU
	EndGlobalSection
	GlobalSection(SolutionProperties) = preSolution
		HideSolutionNode = FALSE
	EndGlobalSection
EndGlobal
