
Microsoft Visual Studio Solution File, Format Version 12.00
# Visual Studio 2012
Project("{FAE04EC0-301F-11D3-BF4B-00C04F79EFBC}") = "01.OddLines", "01.OddLines\01.OddLines.csproj", "{979BF782-3054-435B-A555-5E6DFCC5F340}"
EndProject
Project("{FAE04EC0-301F-11D3-BF4B-00C04F79EFBC}") = "02.ConcatenateTextFiles", "02.ConcatenateTextFiles\02.ConcatenateTextFiles.csproj", "{B7D94F97-0860-4613-B37A-FB27E47E154E}"
EndProject
Project("{FAE04EC0-301F-11D3-BF4B-00C04F79EFBC}") = "03.LineNumbers", "03.LineNumbers\03.LineNumbers.csproj", "{CE9A29B9-01C6-41B8-A879-3D1581BB3FD6}"
EndProject
Project("{FAE04EC0-301F-11D3-BF4B-00C04F79EFBC}") = "04.CompareTextFiles", "04.CompareTextFiles\04.CompareTextFiles.csproj", "{9DBCC16A-6F23-4C5C-8B65-3908080C2A9F}"
EndProject
Project("{FAE04EC0-301F-11D3-BF4B-00C04F79EFBC}") = "05.MaximalAreaSum", "05.MaximalAreaSum\05.MaximalAreaSum.csproj", "{88456921-AB43-4A12-B8C0-08C4597EF2A2}"
EndProject
Project("{FAE04EC0-301F-11D3-BF4B-00C04F79EFBC}") = "06.SaveSortedNames", "06.SaveSortedNames\06.SaveSortedNames.csproj", "{8DB0F5BB-F1D8-4769-B4D8-E399C244F036}"
EndProject
Project("{FAE04EC0-301F-11D3-BF4B-00C04F79EFBC}") = "07.ReplaceSub-String", "07.ReplaceSub-String\07.ReplaceSub-String.csproj", "{6C251DBF-9B6F-4AF9-92C2-16CF71742773}"
EndProject
Project("{FAE04EC0-301F-11D3-BF4B-00C04F79EFBC}") = "08.ReplaceWholeWord", "08.ReplaceWholeWord\08.ReplaceWholeWord.csproj", "{90771ABC-79A9-4D93-A4CB-D494634F6871}"
EndProject
Project("{FAE04EC0-301F-11D3-BF4B-00C04F79EFBC}") = "09.DeleteOddLines", "09.DeleteOddLines\09.DeleteOddLines.csproj", "{F6FF51A9-449D-46B2-9ABD-D53583BC9C54}"
EndProject
Project("{FAE04EC0-301F-11D3-BF4B-00C04F79EFBC}") = "10.ExtractTextFromXML", "10.ExtractTextFromXML\10.ExtractTextFromXML.csproj", "{42CBBBB8-DC4C-47C4-A598-F29099EE7667}"
EndProject
Project("{FAE04EC0-301F-11D3-BF4B-00C04F79EFBC}") = "11.PrefixTtest", "11.PrefixTtest\11.PrefixTtest.csproj", "{123C900F-2A49-4C7A-A35B-5D1E9FCD3976}"
EndProject
Project("{FAE04EC0-301F-11D3-BF4B-00C04F79EFBC}") = "12.RemoveWords", "12.RemoveWords\12.RemoveWords.csproj", "{AD7A1E4D-D718-4848-A987-B8851A4BA544}"
EndProject
Project("{FAE04EC0-301F-11D3-BF4B-00C04F79EFBC}") = "13.CountWords", "13.CountWords\13.CountWords.csproj", "{E20C0D02-823B-482A-82AE-090318D48F1F}"
EndProject
Global
	GlobalSection(SolutionConfigurationPlatforms) = preSolution
		Debug|Any CPU = Debug|Any CPU
		Release|Any CPU = Release|Any CPU
	EndGlobalSection
	GlobalSection(ProjectConfigurationPlatforms) = postSolution
		{979BF782-3054-435B-A555-5E6DFCC5F340}.Debug|Any CPU.ActiveCfg = Debug|Any CPU
		{979BF782-3054-435B-A555-5E6DFCC5F340}.Debug|Any CPU.Build.0 = Debug|Any CPU
		{979BF782-3054-435B-A555-5E6DFCC5F340}.Release|Any CPU.ActiveCfg = Release|Any CPU
		{979BF782-3054-435B-A555-5E6DFCC5F340}.Release|Any CPU.Build.0 = Release|Any CPU
		{B7D94F97-0860-4613-B37A-FB27E47E154E}.Debug|Any CPU.ActiveCfg = Debug|Any CPU
		{B7D94F97-0860-4613-B37A-FB27E47E154E}.Debug|Any CPU.Build.0 = Debug|Any CPU
		{B7D94F97-0860-4613-B37A-FB27E47E154E}.Release|Any CPU.ActiveCfg = Release|Any CPU
		{B7D94F97-0860-4613-B37A-FB27E47E154E}.Release|Any CPU.Build.0 = Release|Any CPU
		{CE9A29B9-01C6-41B8-A879-3D1581BB3FD6}.Debug|Any CPU.ActiveCfg = Debug|Any CPU
		{CE9A29B9-01C6-41B8-A879-3D1581BB3FD6}.Debug|Any CPU.Build.0 = Debug|Any CPU
		{CE9A29B9-01C6-41B8-A879-3D1581BB3FD6}.Release|Any CPU.ActiveCfg = Release|Any CPU
		{CE9A29B9-01C6-41B8-A879-3D1581BB3FD6}.Release|Any CPU.Build.0 = Release|Any CPU
		{9DBCC16A-6F23-4C5C-8B65-3908080C2A9F}.Debug|Any CPU.ActiveCfg = Debug|Any CPU
		{9DBCC16A-6F23-4C5C-8B65-3908080C2A9F}.Debug|Any CPU.Build.0 = Debug|Any CPU
		{9DBCC16A-6F23-4C5C-8B65-3908080C2A9F}.Release|Any CPU.ActiveCfg = Release|Any CPU
		{9DBCC16A-6F23-4C5C-8B65-3908080C2A9F}.Release|Any CPU.Build.0 = Release|Any CPU
		{88456921-AB43-4A12-B8C0-08C4597EF2A2}.Debug|Any CPU.ActiveCfg = Debug|Any CPU
		{88456921-AB43-4A12-B8C0-08C4597EF2A2}.Debug|Any CPU.Build.0 = Debug|Any CPU
		{88456921-AB43-4A12-B8C0-08C4597EF2A2}.Release|Any CPU.ActiveCfg = Release|Any CPU
		{88456921-AB43-4A12-B8C0-08C4597EF2A2}.Release|Any CPU.Build.0 = Release|Any CPU
		{8DB0F5BB-F1D8-4769-B4D8-E399C244F036}.Debug|Any CPU.ActiveCfg = Debug|Any CPU
		{8DB0F5BB-F1D8-4769-B4D8-E399C244F036}.Debug|Any CPU.Build.0 = Debug|Any CPU
		{8DB0F5BB-F1D8-4769-B4D8-E399C244F036}.Release|Any CPU.ActiveCfg = Release|Any CPU
		{8DB0F5BB-F1D8-4769-B4D8-E399C244F036}.Release|Any CPU.Build.0 = Release|Any CPU
		{6C251DBF-9B6F-4AF9-92C2-16CF71742773}.Debug|Any CPU.ActiveCfg = Debug|Any CPU
		{6C251DBF-9B6F-4AF9-92C2-16CF71742773}.Debug|Any CPU.Build.0 = Debug|Any CPU
		{6C251DBF-9B6F-4AF9-92C2-16CF71742773}.Release|Any CPU.ActiveCfg = Release|Any CPU
		{6C251DBF-9B6F-4AF9-92C2-16CF71742773}.Release|Any CPU.Build.0 = Release|Any CPU
		{90771ABC-79A9-4D93-A4CB-D494634F6871}.Debug|Any CPU.ActiveCfg = Debug|Any CPU
		{90771ABC-79A9-4D93-A4CB-D494634F6871}.Debug|Any CPU.Build.0 = Debug|Any CPU
		{90771ABC-79A9-4D93-A4CB-D494634F6871}.Release|Any CPU.ActiveCfg = Release|Any CPU
		{90771ABC-79A9-4D93-A4CB-D494634F6871}.Release|Any CPU.Build.0 = Release|Any CPU
		{F6FF51A9-449D-46B2-9ABD-D53583BC9C54}.Debug|Any CPU.ActiveCfg = Debug|Any CPU
		{F6FF51A9-449D-46B2-9ABD-D53583BC9C54}.Debug|Any CPU.Build.0 = Debug|Any CPU
		{F6FF51A9-449D-46B2-9ABD-D53583BC9C54}.Release|Any CPU.ActiveCfg = Release|Any CPU
		{F6FF51A9-449D-46B2-9ABD-D53583BC9C54}.Release|Any CPU.Build.0 = Release|Any CPU
		{42CBBBB8-DC4C-47C4-A598-F29099EE7667}.Debug|Any CPU.ActiveCfg = Debug|Any CPU
		{42CBBBB8-DC4C-47C4-A598-F29099EE7667}.Debug|Any CPU.Build.0 = Debug|Any CPU
		{42CBBBB8-DC4C-47C4-A598-F29099EE7667}.Release|Any CPU.ActiveCfg = Release|Any CPU
		{42CBBBB8-DC4C-47C4-A598-F29099EE7667}.Release|Any CPU.Build.0 = Release|Any CPU
		{123C900F-2A49-4C7A-A35B-5D1E9FCD3976}.Debug|Any CPU.ActiveCfg = Debug|Any CPU
		{123C900F-2A49-4C7A-A35B-5D1E9FCD3976}.Debug|Any CPU.Build.0 = Debug|Any CPU
		{123C900F-2A49-4C7A-A35B-5D1E9FCD3976}.Release|Any CPU.ActiveCfg = Release|Any CPU
		{123C900F-2A49-4C7A-A35B-5D1E9FCD3976}.Release|Any CPU.Build.0 = Release|Any CPU
		{AD7A1E4D-D718-4848-A987-B8851A4BA544}.Debug|Any CPU.ActiveCfg = Debug|Any CPU
		{AD7A1E4D-D718-4848-A987-B8851A4BA544}.Debug|Any CPU.Build.0 = Debug|Any CPU
		{AD7A1E4D-D718-4848-A987-B8851A4BA544}.Release|Any CPU.ActiveCfg = Release|Any CPU
		{AD7A1E4D-D718-4848-A987-B8851A4BA544}.Release|Any CPU.Build.0 = Release|Any CPU
		{E20C0D02-823B-482A-82AE-090318D48F1F}.Debug|Any CPU.ActiveCfg = Debug|Any CPU
		{E20C0D02-823B-482A-82AE-090318D48F1F}.Debug|Any CPU.Build.0 = Debug|Any CPU
		{E20C0D02-823B-482A-82AE-090318D48F1F}.Release|Any CPU.ActiveCfg = Release|Any CPU
		{E20C0D02-823B-482A-82AE-090318D48F1F}.Release|Any CPU.Build.0 = Release|Any CPU
	EndGlobalSection
	GlobalSection(SolutionProperties) = preSolution
		HideSolutionNode = FALSE
	EndGlobalSection
EndGlobal
