
Microsoft Visual Studio Solution File, Format Version 12.00
# Visual Studio 2012
Project("{FAE04EC0-301F-11D3-BF4B-00C04F79EFBC}") = "01.StrBuilderSubstr", "StrBuilderSubstr.cs\01.StrBuilderSubstr.csproj", "{26502879-0C42-4AF8-89B7-F30D7591221E}"
EndProject
Project("{FAE04EC0-301F-11D3-BF4B-00C04F79EFBC}") = "02.IEnumerableExtensions", "02.IEnumerableExtensions\02.IEnumerableExtensions.csproj", "{7A4ED61E-2F23-4829-8BD0-7C9399D85C8D}"
EndProject
Project("{FAE04EC0-301F-11D3-BF4B-00C04F79EFBC}") = "03.04.05.FirstBeforeLast", "FirstBeforeLast\03.04.05.FirstBeforeLast.csproj", "{A5098699-A058-487D-85FF-F42DF9339017}"
EndProject
Project("{FAE04EC0-301F-11D3-BF4B-00C04F79EFBC}") = "06.DivisibleBy7And3", "06.DivisibleBy7And3\06.DivisibleBy7And3.csproj", "{3ED6ED1F-46BB-4BF2-B8C7-3A60953B98F5}"
EndProject
Project("{FAE04EC0-301F-11D3-BF4B-00C04F79EFBC}") = "07.Timer", "07.Timer\07.Timer.csproj", "{5A0CC26C-5E4C-44A6-8BAC-684A45C05272}"
EndProject
Project("{FAE04EC0-301F-11D3-BF4B-00C04F79EFBC}") = "09-16.StudentGroups", "09.StudentGroups\09-16.StudentGroups.csproj", "{8498EE52-EC31-4A25-A252-21A8FFF96C7F}"
EndProject
Project("{FAE04EC0-301F-11D3-BF4B-00C04F79EFBC}") = "17.LongestString", "17.LongestString\17.LongestString.csproj", "{6AB6342E-6520-44EB-992F-FAE69330E708}"
EndProject
Project("{FAE04EC0-301F-11D3-BF4B-00C04F79EFBC}") = "18.GroupedByGroupNumber", "GroupedByGroupNumber\18.GroupedByGroupNumber.csproj", "{8AEFCBD9-8408-4336-8C78-4FD63465A7BB}"
EndProject
Project("{FAE04EC0-301F-11D3-BF4B-00C04F79EFBC}") = "20.InfiniteConvergentSeries", "20.InfiniteConvergentSeries\20.InfiniteConvergentSeries.csproj", "{85ED8653-F591-40BE-ABEF-BFF52020EFB8}"
EndProject
Global
	GlobalSection(SolutionConfigurationPlatforms) = preSolution
		Debug|Any CPU = Debug|Any CPU
		Release|Any CPU = Release|Any CPU
	EndGlobalSection
	GlobalSection(ProjectConfigurationPlatforms) = postSolution
		{26502879-0C42-4AF8-89B7-F30D7591221E}.Debug|Any CPU.ActiveCfg = Debug|Any CPU
		{26502879-0C42-4AF8-89B7-F30D7591221E}.Debug|Any CPU.Build.0 = Debug|Any CPU
		{26502879-0C42-4AF8-89B7-F30D7591221E}.Release|Any CPU.ActiveCfg = Release|Any CPU
		{26502879-0C42-4AF8-89B7-F30D7591221E}.Release|Any CPU.Build.0 = Release|Any CPU
		{7A4ED61E-2F23-4829-8BD0-7C9399D85C8D}.Debug|Any CPU.ActiveCfg = Debug|Any CPU
		{7A4ED61E-2F23-4829-8BD0-7C9399D85C8D}.Debug|Any CPU.Build.0 = Debug|Any CPU
		{7A4ED61E-2F23-4829-8BD0-7C9399D85C8D}.Release|Any CPU.ActiveCfg = Release|Any CPU
		{7A4ED61E-2F23-4829-8BD0-7C9399D85C8D}.Release|Any CPU.Build.0 = Release|Any CPU
		{A5098699-A058-487D-85FF-F42DF9339017}.Debug|Any CPU.ActiveCfg = Debug|Any CPU
		{A5098699-A058-487D-85FF-F42DF9339017}.Debug|Any CPU.Build.0 = Debug|Any CPU
		{A5098699-A058-487D-85FF-F42DF9339017}.Release|Any CPU.ActiveCfg = Release|Any CPU
		{A5098699-A058-487D-85FF-F42DF9339017}.Release|Any CPU.Build.0 = Release|Any CPU
		{3ED6ED1F-46BB-4BF2-B8C7-3A60953B98F5}.Debug|Any CPU.ActiveCfg = Debug|Any CPU
		{3ED6ED1F-46BB-4BF2-B8C7-3A60953B98F5}.Debug|Any CPU.Build.0 = Debug|Any CPU
		{3ED6ED1F-46BB-4BF2-B8C7-3A60953B98F5}.Release|Any CPU.ActiveCfg = Release|Any CPU
		{3ED6ED1F-46BB-4BF2-B8C7-3A60953B98F5}.Release|Any CPU.Build.0 = Release|Any CPU
		{5A0CC26C-5E4C-44A6-8BAC-684A45C05272}.Debug|Any CPU.ActiveCfg = Debug|Any CPU
		{5A0CC26C-5E4C-44A6-8BAC-684A45C05272}.Debug|Any CPU.Build.0 = Debug|Any CPU
		{5A0CC26C-5E4C-44A6-8BAC-684A45C05272}.Release|Any CPU.ActiveCfg = Release|Any CPU
		{5A0CC26C-5E4C-44A6-8BAC-684A45C05272}.Release|Any CPU.Build.0 = Release|Any CPU
		{8498EE52-EC31-4A25-A252-21A8FFF96C7F}.Debug|Any CPU.ActiveCfg = Debug|Any CPU
		{8498EE52-EC31-4A25-A252-21A8FFF96C7F}.Debug|Any CPU.Build.0 = Debug|Any CPU
		{8498EE52-EC31-4A25-A252-21A8FFF96C7F}.Release|Any CPU.ActiveCfg = Release|Any CPU
		{8498EE52-EC31-4A25-A252-21A8FFF96C7F}.Release|Any CPU.Build.0 = Release|Any CPU
		{6AB6342E-6520-44EB-992F-FAE69330E708}.Debug|Any CPU.ActiveCfg = Debug|Any CPU
		{6AB6342E-6520-44EB-992F-FAE69330E708}.Debug|Any CPU.Build.0 = Debug|Any CPU
		{6AB6342E-6520-44EB-992F-FAE69330E708}.Release|Any CPU.ActiveCfg = Release|Any CPU
		{6AB6342E-6520-44EB-992F-FAE69330E708}.Release|Any CPU.Build.0 = Release|Any CPU
		{8AEFCBD9-8408-4336-8C78-4FD63465A7BB}.Debug|Any CPU.ActiveCfg = Debug|Any CPU
		{8AEFCBD9-8408-4336-8C78-4FD63465A7BB}.Debug|Any CPU.Build.0 = Debug|Any CPU
		{8AEFCBD9-8408-4336-8C78-4FD63465A7BB}.Release|Any CPU.ActiveCfg = Release|Any CPU
		{8AEFCBD9-8408-4336-8C78-4FD63465A7BB}.Release|Any CPU.Build.0 = Release|Any CPU
		{85ED8653-F591-40BE-ABEF-BFF52020EFB8}.Debug|Any CPU.ActiveCfg = Debug|Any CPU
		{85ED8653-F591-40BE-ABEF-BFF52020EFB8}.Debug|Any CPU.Build.0 = Debug|Any CPU
		{85ED8653-F591-40BE-ABEF-BFF52020EFB8}.Release|Any CPU.ActiveCfg = Release|Any CPU
		{85ED8653-F591-40BE-ABEF-BFF52020EFB8}.Release|Any CPU.Build.0 = Release|Any CPU
	EndGlobalSection
	GlobalSection(SolutionProperties) = preSolution
		HideSolutionNode = FALSE
	EndGlobalSection
EndGlobal
