
Microsoft Visual Studio Solution File, Format Version 12.00
# Visual Studio 2013
VisualStudioVersion = 12.0.31101.0
MinimumVisualStudioVersion = 10.0.40219.1
Project("{FAE04EC0-301F-11D3-BF4B-00C04F79EFBC}") = "Size", "Size\Size.csproj", "{5151FD42-2687-4A40-850E-6F88FAEA95D5}"
EndProject
Project("{FAE04EC0-301F-11D3-BF4B-00C04F79EFBC}") = "PrintStatistics", "PrintStatistics\PrintStatistics.csproj", "{A74C8194-9FB7-4B64-BD7F-17EFCDBEE05B}"
EndProject
Global
	GlobalSection(SolutionConfigurationPlatforms) = preSolution
		Debug|Any CPU = Debug|Any CPU
		Release|Any CPU = Release|Any CPU
	EndGlobalSection
	GlobalSection(ProjectConfigurationPlatforms) = postSolution
		{5151FD42-2687-4A40-850E-6F88FAEA95D5}.Debug|Any CPU.ActiveCfg = Debug|Any CPU
		{5151FD42-2687-4A40-850E-6F88FAEA95D5}.Debug|Any CPU.Build.0 = Debug|Any CPU
		{5151FD42-2687-4A40-850E-6F88FAEA95D5}.Release|Any CPU.ActiveCfg = Release|Any CPU
		{5151FD42-2687-4A40-850E-6F88FAEA95D5}.Release|Any CPU.Build.0 = Release|Any CPU
		{A74C8194-9FB7-4B64-BD7F-17EFCDBEE05B}.Debug|Any CPU.ActiveCfg = Debug|Any CPU
		{A74C8194-9FB7-4B64-BD7F-17EFCDBEE05B}.Debug|Any CPU.Build.0 = Debug|Any CPU
		{A74C8194-9FB7-4B64-BD7F-17EFCDBEE05B}.Release|Any CPU.ActiveCfg = Release|Any CPU
		{A74C8194-9FB7-4B64-BD7F-17EFCDBEE05B}.Release|Any CPU.Build.0 = Release|Any CPU
	EndGlobalSection
	GlobalSection(SolutionProperties) = preSolution
		HideSolutionNode = FALSE
	EndGlobalSection
EndGlobal
