
Microsoft Visual Studio Solution File, Format Version 12.00
# Visual Studio 2012
Project("{FAE04EC0-301F-11D3-BF4B-00C04F79EFBC}") = "01.HTMLTables", "01.HTMLTables\01.HTMLTables.csproj", "{D3AADD25-C9F3-427B-90CE-3857649C79CE}"
EndProject
Project("{FAE04EC0-301F-11D3-BF4B-00C04F79EFBC}") = "02.HTMLForm", "02.HTMLForm\02.HTMLForm.csproj", "{C8CE40A9-E121-4D45-9605-77541DFF796F}"
EndProject
Project("{FAE04EC0-301F-11D3-BF4B-00C04F79EFBC}") = "03.Calculator", "03.Calculator\03.Calculator.csproj", "{151E9ABA-9859-4D1A-93D9-1B1C79168641}"
EndProject
Global
	GlobalSection(SolutionConfigurationPlatforms) = preSolution
		Debug|Any CPU = Debug|Any CPU
		Release|Any CPU = Release|Any CPU
	EndGlobalSection
	GlobalSection(ProjectConfigurationPlatforms) = postSolution
		{D3AADD25-C9F3-427B-90CE-3857649C79CE}.Debug|Any CPU.ActiveCfg = Debug|Any CPU
		{D3AADD25-C9F3-427B-90CE-3857649C79CE}.Debug|Any CPU.Build.0 = Debug|Any CPU
		{D3AADD25-C9F3-427B-90CE-3857649C79CE}.Release|Any CPU.ActiveCfg = Release|Any CPU
		{D3AADD25-C9F3-427B-90CE-3857649C79CE}.Release|Any CPU.Build.0 = Release|Any CPU
		{C8CE40A9-E121-4D45-9605-77541DFF796F}.Debug|Any CPU.ActiveCfg = Debug|Any CPU
		{C8CE40A9-E121-4D45-9605-77541DFF796F}.Debug|Any CPU.Build.0 = Debug|Any CPU
		{C8CE40A9-E121-4D45-9605-77541DFF796F}.Release|Any CPU.ActiveCfg = Release|Any CPU
		{C8CE40A9-E121-4D45-9605-77541DFF796F}.Release|Any CPU.Build.0 = Release|Any CPU
		{151E9ABA-9859-4D1A-93D9-1B1C79168641}.Debug|Any CPU.ActiveCfg = Debug|Any CPU
		{151E9ABA-9859-4D1A-93D9-1B1C79168641}.Debug|Any CPU.Build.0 = Debug|Any CPU
		{151E9ABA-9859-4D1A-93D9-1B1C79168641}.Release|Any CPU.ActiveCfg = Release|Any CPU
		{151E9ABA-9859-4D1A-93D9-1B1C79168641}.Release|Any CPU.Build.0 = Release|Any CPU
	EndGlobalSection
	GlobalSection(SolutionProperties) = preSolution
		HideSolutionNode = FALSE
	EndGlobalSection
EndGlobal
