
Microsoft Visual Studio Solution File, Format Version 12.00
# Visual Studio 2012
Project("{FAE04EC0-301F-11D3-BF4B-00C04F79EFBC}") = "01.Refactoring", "01.Refactoring\01.Refactoring.csproj", "{67732F03-5EE4-4D76-A3E6-E821ECFD90EB}"
EndProject
Project("{FAE04EC0-301F-11D3-BF4B-00C04F79EFBC}") = "02.StudentSystem", "02.StudentSystem\02.StudentSystem.csproj", "{D78A5A49-5203-4B84-8A4D-618B2B97E121}"
EndProject
Project("{FAE04EC0-301F-11D3-BF4B-00C04F79EFBC}") = "03.LinkedIn", "03.LinkedIn\03.LinkedIn.csproj", "{31F7C93F-3619-4CCA-863C-8A2119D495FE}"
EndProject
Global
	GlobalSection(SolutionConfigurationPlatforms) = preSolution
		Debug|Any CPU = Debug|Any CPU
		Release|Any CPU = Release|Any CPU
	EndGlobalSection
	GlobalSection(ProjectConfigurationPlatforms) = postSolution
		{67732F03-5EE4-4D76-A3E6-E821ECFD90EB}.Debug|Any CPU.ActiveCfg = Debug|Any CPU
		{67732F03-5EE4-4D76-A3E6-E821ECFD90EB}.Debug|Any CPU.Build.0 = Debug|Any CPU
		{67732F03-5EE4-4D76-A3E6-E821ECFD90EB}.Release|Any CPU.ActiveCfg = Release|Any CPU
		{67732F03-5EE4-4D76-A3E6-E821ECFD90EB}.Release|Any CPU.Build.0 = Release|Any CPU
		{D78A5A49-5203-4B84-8A4D-618B2B97E121}.Debug|Any CPU.ActiveCfg = Debug|Any CPU
		{D78A5A49-5203-4B84-8A4D-618B2B97E121}.Debug|Any CPU.Build.0 = Debug|Any CPU
		{D78A5A49-5203-4B84-8A4D-618B2B97E121}.Release|Any CPU.ActiveCfg = Release|Any CPU
		{D78A5A49-5203-4B84-8A4D-618B2B97E121}.Release|Any CPU.Build.0 = Release|Any CPU
		{31F7C93F-3619-4CCA-863C-8A2119D495FE}.Debug|Any CPU.ActiveCfg = Debug|Any CPU
		{31F7C93F-3619-4CCA-863C-8A2119D495FE}.Debug|Any CPU.Build.0 = Debug|Any CPU
		{31F7C93F-3619-4CCA-863C-8A2119D495FE}.Release|Any CPU.ActiveCfg = Release|Any CPU
		{31F7C93F-3619-4CCA-863C-8A2119D495FE}.Release|Any CPU.Build.0 = Release|Any CPU
	EndGlobalSection
	GlobalSection(SolutionProperties) = preSolution
		HideSolutionNode = FALSE
	EndGlobalSection
EndGlobal
