
Microsoft Visual Studio Solution File, Format Version 12.00
# Visual Studio 2013
VisualStudioVersion = 12.0.31101.0
MinimumVisualStudioVersion = 10.0.40219.1
Project("{FAE04EC0-301F-11D3-BF4B-00C04F79EFBC}") = "Task1", "Task1\Task1.csproj", "{79B9AE7B-7953-4BF6-B239-730AFE8E415F}"
EndProject
Project("{FAE04EC0-301F-11D3-BF4B-00C04F79EFBC}") = "Task2", "Task2\Task2.csproj", "{0698D008-E748-4BB2-99DC-5EF76F91F14D}"
EndProject
Project("{FAE04EC0-301F-11D3-BF4B-00C04F79EFBC}") = "Task3", "Task3\Task3.csproj", "{D75758A0-8703-43F8-8A12-A06F906325A0}"
EndProject
Global
	GlobalSection(SolutionConfigurationPlatforms) = preSolution
		Debug|Any CPU = Debug|Any CPU
		Release|Any CPU = Release|Any CPU
	EndGlobalSection
	GlobalSection(ProjectConfigurationPlatforms) = postSolution
		{79B9AE7B-7953-4BF6-B239-730AFE8E415F}.Debug|Any CPU.ActiveCfg = Debug|Any CPU
		{79B9AE7B-7953-4BF6-B239-730AFE8E415F}.Debug|Any CPU.Build.0 = Debug|Any CPU
		{79B9AE7B-7953-4BF6-B239-730AFE8E415F}.Release|Any CPU.ActiveCfg = Release|Any CPU
		{79B9AE7B-7953-4BF6-B239-730AFE8E415F}.Release|Any CPU.Build.0 = Release|Any CPU
		{0698D008-E748-4BB2-99DC-5EF76F91F14D}.Debug|Any CPU.ActiveCfg = Debug|Any CPU
		{0698D008-E748-4BB2-99DC-5EF76F91F14D}.Debug|Any CPU.Build.0 = Debug|Any CPU
		{0698D008-E748-4BB2-99DC-5EF76F91F14D}.Release|Any CPU.ActiveCfg = Release|Any CPU
		{0698D008-E748-4BB2-99DC-5EF76F91F14D}.Release|Any CPU.Build.0 = Release|Any CPU
		{D75758A0-8703-43F8-8A12-A06F906325A0}.Debug|Any CPU.ActiveCfg = Debug|Any CPU
		{D75758A0-8703-43F8-8A12-A06F906325A0}.Debug|Any CPU.Build.0 = Debug|Any CPU
		{D75758A0-8703-43F8-8A12-A06F906325A0}.Release|Any CPU.ActiveCfg = Release|Any CPU
		{D75758A0-8703-43F8-8A12-A06F906325A0}.Release|Any CPU.Build.0 = Release|Any CPU
	EndGlobalSection
	GlobalSection(SolutionProperties) = preSolution
		HideSolutionNode = FALSE
	EndGlobalSection
EndGlobal
