
Microsoft Visual Studio Solution File, Format Version 12.00
# Visual Studio 2012
Project("{FAE04EC0-301F-11D3-BF4B-00C04F79EFBC}") = "01.RunnersHomePage", "01.RunnersHomePage\01.RunnersHomePage.csproj", "{724F75E8-8467-4452-8033-693D8ABD15B2}"
EndProject
Project("{FAE04EC0-301F-11D3-BF4B-00C04F79EFBC}") = "02.NestedLists", "02.NestedLists\02.NestedLists.csproj", "{4ABC78E4-82DC-419C-913F-16917B01308A}"
EndProject
Project("{FAE04EC0-301F-11D3-BF4B-00C04F79EFBC}") = "03.SocialSite", "03.SocialSite\03.SocialSite.csproj", "{B74A6CB4-5813-4E79-96E3-758A5201338C}"
EndProject
Global
	GlobalSection(SolutionConfigurationPlatforms) = preSolution
		Debug|Any CPU = Debug|Any CPU
		Release|Any CPU = Release|Any CPU
	EndGlobalSection
	GlobalSection(ProjectConfigurationPlatforms) = postSolution
		{724F75E8-8467-4452-8033-693D8ABD15B2}.Debug|Any CPU.ActiveCfg = Debug|Any CPU
		{724F75E8-8467-4452-8033-693D8ABD15B2}.Debug|Any CPU.Build.0 = Debug|Any CPU
		{724F75E8-8467-4452-8033-693D8ABD15B2}.Release|Any CPU.ActiveCfg = Release|Any CPU
		{724F75E8-8467-4452-8033-693D8ABD15B2}.Release|Any CPU.Build.0 = Release|Any CPU
		{4ABC78E4-82DC-419C-913F-16917B01308A}.Debug|Any CPU.ActiveCfg = Debug|Any CPU
		{4ABC78E4-82DC-419C-913F-16917B01308A}.Debug|Any CPU.Build.0 = Debug|Any CPU
		{4ABC78E4-82DC-419C-913F-16917B01308A}.Release|Any CPU.ActiveCfg = Release|Any CPU
		{4ABC78E4-82DC-419C-913F-16917B01308A}.Release|Any CPU.Build.0 = Release|Any CPU
		{B74A6CB4-5813-4E79-96E3-758A5201338C}.Debug|Any CPU.ActiveCfg = Debug|Any CPU
		{B74A6CB4-5813-4E79-96E3-758A5201338C}.Debug|Any CPU.Build.0 = Debug|Any CPU
		{B74A6CB4-5813-4E79-96E3-758A5201338C}.Release|Any CPU.ActiveCfg = Release|Any CPU
		{B74A6CB4-5813-4E79-96E3-758A5201338C}.Release|Any CPU.Build.0 = Release|Any CPU
	EndGlobalSection
	GlobalSection(SolutionProperties) = preSolution
		HideSolutionNode = FALSE
	EndGlobalSection
EndGlobal
