
Microsoft Visual Studio Solution File, Format Version 12.00
# Visual Studio 2012
Project("{FAE04EC0-301F-11D3-BF4B-00C04F79EFBC}") = "01.TreeView", "01.TreeView\01.TreeView.csproj", "{EFA7D63C-0156-46E5-BB34-845C7B388D83}"
EndProject
Project("{FAE04EC0-301F-11D3-BF4B-00C04F79EFBC}") = "02.MusicCategories", "02.MusicCategories\02.MusicCategories.csproj", "{4699A134-BA5C-4688-A5AA-C7593B89BF69}"
EndProject
Project("{FAE04EC0-301F-11D3-BF4B-00C04F79EFBC}") = "03.MembersLogin", "03.MembersLogin\03.MembersLogin.csproj", "{62A92BDA-B6BA-4969-948B-A3F3BDB0E62F}"
EndProject
Project("{FAE04EC0-301F-11D3-BF4B-00C04F79EFBC}") = "04.CSSDocumentationSite", "04.CSSDocumentationSite\04.CSSDocumentationSite.csproj", "{5369A117-3433-4632-9595-B8772A2358F6}"
EndProject
Project("{FAE04EC0-301F-11D3-BF4B-00C04F79EFBC}") = "05.LaptopStore", "05.LaptopStore\05.LaptopStore.csproj", "{389711E5-1991-4FA9-9E41-E9DA0F67A22B}"
EndProject
Project("{FAE04EC0-301F-11D3-BF4B-00C04F79EFBC}") = "06.NewsSite", "06.NewsSite\06.NewsSite.csproj", "{AB173F5D-FD69-4F3A-96C0-E0B6F95EA824}"
EndProject
Global
	GlobalSection(SolutionConfigurationPlatforms) = preSolution
		Debug|Any CPU = Debug|Any CPU
		Release|Any CPU = Release|Any CPU
	EndGlobalSection
	GlobalSection(ProjectConfigurationPlatforms) = postSolution
		{EFA7D63C-0156-46E5-BB34-845C7B388D83}.Debug|Any CPU.ActiveCfg = Debug|Any CPU
		{EFA7D63C-0156-46E5-BB34-845C7B388D83}.Debug|Any CPU.Build.0 = Debug|Any CPU
		{EFA7D63C-0156-46E5-BB34-845C7B388D83}.Release|Any CPU.ActiveCfg = Release|Any CPU
		{EFA7D63C-0156-46E5-BB34-845C7B388D83}.Release|Any CPU.Build.0 = Release|Any CPU
		{4699A134-BA5C-4688-A5AA-C7593B89BF69}.Debug|Any CPU.ActiveCfg = Debug|Any CPU
		{4699A134-BA5C-4688-A5AA-C7593B89BF69}.Debug|Any CPU.Build.0 = Debug|Any CPU
		{4699A134-BA5C-4688-A5AA-C7593B89BF69}.Release|Any CPU.ActiveCfg = Release|Any CPU
		{4699A134-BA5C-4688-A5AA-C7593B89BF69}.Release|Any CPU.Build.0 = Release|Any CPU
		{62A92BDA-B6BA-4969-948B-A3F3BDB0E62F}.Debug|Any CPU.ActiveCfg = Debug|Any CPU
		{62A92BDA-B6BA-4969-948B-A3F3BDB0E62F}.Debug|Any CPU.Build.0 = Debug|Any CPU
		{62A92BDA-B6BA-4969-948B-A3F3BDB0E62F}.Release|Any CPU.ActiveCfg = Release|Any CPU
		{62A92BDA-B6BA-4969-948B-A3F3BDB0E62F}.Release|Any CPU.Build.0 = Release|Any CPU
		{5369A117-3433-4632-9595-B8772A2358F6}.Debug|Any CPU.ActiveCfg = Debug|Any CPU
		{5369A117-3433-4632-9595-B8772A2358F6}.Debug|Any CPU.Build.0 = Debug|Any CPU
		{5369A117-3433-4632-9595-B8772A2358F6}.Release|Any CPU.ActiveCfg = Release|Any CPU
		{5369A117-3433-4632-9595-B8772A2358F6}.Release|Any CPU.Build.0 = Release|Any CPU
		{389711E5-1991-4FA9-9E41-E9DA0F67A22B}.Debug|Any CPU.ActiveCfg = Debug|Any CPU
		{389711E5-1991-4FA9-9E41-E9DA0F67A22B}.Debug|Any CPU.Build.0 = Debug|Any CPU
		{389711E5-1991-4FA9-9E41-E9DA0F67A22B}.Release|Any CPU.ActiveCfg = Release|Any CPU
		{389711E5-1991-4FA9-9E41-E9DA0F67A22B}.Release|Any CPU.Build.0 = Release|Any CPU
		{AB173F5D-FD69-4F3A-96C0-E0B6F95EA824}.Debug|Any CPU.ActiveCfg = Debug|Any CPU
		{AB173F5D-FD69-4F3A-96C0-E0B6F95EA824}.Debug|Any CPU.Build.0 = Debug|Any CPU
		{AB173F5D-FD69-4F3A-96C0-E0B6F95EA824}.Release|Any CPU.ActiveCfg = Release|Any CPU
		{AB173F5D-FD69-4F3A-96C0-E0B6F95EA824}.Release|Any CPU.Build.0 = Release|Any CPU
	EndGlobalSection
	GlobalSection(SolutionProperties) = preSolution
		HideSolutionNode = FALSE
	EndGlobalSection
EndGlobal
