
Microsoft Visual Studio Solution File, Format Version 12.00
# Visual Studio 2012
Project("{FAE04EC0-301F-11D3-BF4B-00C04F79EFBC}") = "01.SchoolClasses", "01.SchoolClasses\01.SchoolClasses.csproj", "{834F4540-DE4A-4F8A-A71A-4BE2273C4EB1}"
EndProject
Project("{FAE04EC0-301F-11D3-BF4B-00C04F79EFBC}") = "02.StudentsAndWorkers", "02.StudentsAndWorkers\02.StudentsAndWorkers.csproj", "{7B4A5A10-A654-46F4-A824-BFB781A3DA44}"
EndProject
Project("{FAE04EC0-301F-11D3-BF4B-00C04F79EFBC}") = "03.AnimalHierarchy", "03.AnimalHierarchy\03.AnimalHierarchy.csproj", "{6AC7A8B5-8CAF-455C-B562-8076287B173D}"
EndProject
Global
	GlobalSection(SolutionConfigurationPlatforms) = preSolution
		Debug|Any CPU = Debug|Any CPU
		Release|Any CPU = Release|Any CPU
	EndGlobalSection
	GlobalSection(ProjectConfigurationPlatforms) = postSolution
		{834F4540-DE4A-4F8A-A71A-4BE2273C4EB1}.Debug|Any CPU.ActiveCfg = Debug|Any CPU
		{834F4540-DE4A-4F8A-A71A-4BE2273C4EB1}.Debug|Any CPU.Build.0 = Debug|Any CPU
		{834F4540-DE4A-4F8A-A71A-4BE2273C4EB1}.Release|Any CPU.ActiveCfg = Release|Any CPU
		{834F4540-DE4A-4F8A-A71A-4BE2273C4EB1}.Release|Any CPU.Build.0 = Release|Any CPU
		{7B4A5A10-A654-46F4-A824-BFB781A3DA44}.Debug|Any CPU.ActiveCfg = Debug|Any CPU
		{7B4A5A10-A654-46F4-A824-BFB781A3DA44}.Debug|Any CPU.Build.0 = Debug|Any CPU
		{7B4A5A10-A654-46F4-A824-BFB781A3DA44}.Release|Any CPU.ActiveCfg = Release|Any CPU
		{7B4A5A10-A654-46F4-A824-BFB781A3DA44}.Release|Any CPU.Build.0 = Release|Any CPU
		{6AC7A8B5-8CAF-455C-B562-8076287B173D}.Debug|Any CPU.ActiveCfg = Debug|Any CPU
		{6AC7A8B5-8CAF-455C-B562-8076287B173D}.Debug|Any CPU.Build.0 = Debug|Any CPU
		{6AC7A8B5-8CAF-455C-B562-8076287B173D}.Release|Any CPU.ActiveCfg = Release|Any CPU
		{6AC7A8B5-8CAF-455C-B562-8076287B173D}.Release|Any CPU.Build.0 = Release|Any CPU
	EndGlobalSection
	GlobalSection(SolutionProperties) = preSolution
		HideSolutionNode = FALSE
	EndGlobalSection
EndGlobal
