
Microsoft Visual Studio Solution File, Format Version 12.00
# Visual Studio 2013
VisualStudioVersion = 12.0.31101.0
MinimumVisualStudioVersion = 10.0.40219.1
Project("{FAE04EC0-301F-11D3-BF4B-00C04F79EFBC}") = "SchoolSystem", "SchoolSystem\SchoolSystem.csproj", "{DEEB23BE-9DC2-40E2-9731-569290228C9B}"
EndProject
Project("{FAE04EC0-301F-11D3-BF4B-00C04F79EFBC}") = "SchoolSystemTest", "SchoolSystemTest\SchoolSystemTest.csproj", "{E2D3FDA1-FF31-48FB-8945-A6C98A028F37}"
EndProject
Global
	GlobalSection(SolutionConfigurationPlatforms) = preSolution
		Debug|Any CPU = Debug|Any CPU
		Release|Any CPU = Release|Any CPU
	EndGlobalSection
	GlobalSection(ProjectConfigurationPlatforms) = postSolution
		{DEEB23BE-9DC2-40E2-9731-569290228C9B}.Debug|Any CPU.ActiveCfg = Debug|Any CPU
		{DEEB23BE-9DC2-40E2-9731-569290228C9B}.Debug|Any CPU.Build.0 = Debug|Any CPU
		{DEEB23BE-9DC2-40E2-9731-569290228C9B}.Release|Any CPU.ActiveCfg = Release|Any CPU
		{DEEB23BE-9DC2-40E2-9731-569290228C9B}.Release|Any CPU.Build.0 = Release|Any CPU
		{E2D3FDA1-FF31-48FB-8945-A6C98A028F37}.Debug|Any CPU.ActiveCfg = Debug|Any CPU
		{E2D3FDA1-FF31-48FB-8945-A6C98A028F37}.Debug|Any CPU.Build.0 = Debug|Any CPU
		{E2D3FDA1-FF31-48FB-8945-A6C98A028F37}.Release|Any CPU.ActiveCfg = Release|Any CPU
		{E2D3FDA1-FF31-48FB-8945-A6C98A028F37}.Release|Any CPU.Build.0 = Release|Any CPU
	EndGlobalSection
	GlobalSection(SolutionProperties) = preSolution
		HideSolutionNode = FALSE
	EndGlobalSection
EndGlobal
