
Microsoft Visual Studio Solution File, Format Version 12.00
# Visual Studio 2012
Project("{FAE04EC0-301F-11D3-BF4B-00C04F79EFBC}") = "01.FillTheMatrix", "01.FillTheMatrix\01.FillTheMatrix.csproj", "{C4F5D73C-FEA8-4FA5-8D9B-0FBA40C6C29E}"
EndProject
Project("{FAE04EC0-301F-11D3-BF4B-00C04F79EFBC}") = "02.MaximalSum", "02.MaximalSum\02.MaximalSum.csproj", "{5D9C62F1-A643-4CE2-93E6-0C2C46586B48}"
EndProject
Project("{FAE04EC0-301F-11D3-BF4B-00C04F79EFBC}") = "03.SequenceNMatrix", "03.SequenceNMatrix\03.SequenceNMatrix.csproj", "{DB86C54E-C59E-4F05-ABCD-397983F1E749}"
EndProject
Project("{FAE04EC0-301F-11D3-BF4B-00C04F79EFBC}") = "04.BinarySearch", "04.BinarySearch\04.BinarySearch.csproj", "{59BD400C-AF6A-4447-BAFF-61C8280C1F49}"
EndProject
Project("{FAE04EC0-301F-11D3-BF4B-00C04F79EFBC}") = "05.SortByStringLength", "05.SortByStringLength\05.SortByStringLength.csproj", "{3C8ABE04-4FF3-4447-B60E-82ACAE04E43D}"
EndProject
Project("{FAE04EC0-301F-11D3-BF4B-00C04F79EFBC}") = "06.MatrixClass", "06.MatrixClass\06.MatrixClass.csproj", "{4606C6E0-5CD7-4F65-87A6-73C8EF68FB92}"
EndProject
Project("{FAE04EC0-301F-11D3-BF4B-00C04F79EFBC}") = "07.LargestAreaInMatrix", "07.LargestAreaInMatrix\07.LargestAreaInMatrix.csproj", "{316C36D3-6157-4521-92CB-99CA42849699}"
EndProject
Global
	GlobalSection(SolutionConfigurationPlatforms) = preSolution
		Debug|Any CPU = Debug|Any CPU
		Release|Any CPU = Release|Any CPU
	EndGlobalSection
	GlobalSection(ProjectConfigurationPlatforms) = postSolution
		{C4F5D73C-FEA8-4FA5-8D9B-0FBA40C6C29E}.Debug|Any CPU.ActiveCfg = Debug|Any CPU
		{C4F5D73C-FEA8-4FA5-8D9B-0FBA40C6C29E}.Debug|Any CPU.Build.0 = Debug|Any CPU
		{C4F5D73C-FEA8-4FA5-8D9B-0FBA40C6C29E}.Release|Any CPU.ActiveCfg = Release|Any CPU
		{C4F5D73C-FEA8-4FA5-8D9B-0FBA40C6C29E}.Release|Any CPU.Build.0 = Release|Any CPU
		{5D9C62F1-A643-4CE2-93E6-0C2C46586B48}.Debug|Any CPU.ActiveCfg = Debug|Any CPU
		{5D9C62F1-A643-4CE2-93E6-0C2C46586B48}.Debug|Any CPU.Build.0 = Debug|Any CPU
		{5D9C62F1-A643-4CE2-93E6-0C2C46586B48}.Release|Any CPU.ActiveCfg = Release|Any CPU
		{5D9C62F1-A643-4CE2-93E6-0C2C46586B48}.Release|Any CPU.Build.0 = Release|Any CPU
		{DB86C54E-C59E-4F05-ABCD-397983F1E749}.Debug|Any CPU.ActiveCfg = Debug|Any CPU
		{DB86C54E-C59E-4F05-ABCD-397983F1E749}.Debug|Any CPU.Build.0 = Debug|Any CPU
		{DB86C54E-C59E-4F05-ABCD-397983F1E749}.Release|Any CPU.ActiveCfg = Release|Any CPU
		{DB86C54E-C59E-4F05-ABCD-397983F1E749}.Release|Any CPU.Build.0 = Release|Any CPU
		{59BD400C-AF6A-4447-BAFF-61C8280C1F49}.Debug|Any CPU.ActiveCfg = Debug|Any CPU
		{59BD400C-AF6A-4447-BAFF-61C8280C1F49}.Debug|Any CPU.Build.0 = Debug|Any CPU
		{59BD400C-AF6A-4447-BAFF-61C8280C1F49}.Release|Any CPU.ActiveCfg = Release|Any CPU
		{59BD400C-AF6A-4447-BAFF-61C8280C1F49}.Release|Any CPU.Build.0 = Release|Any CPU
		{3C8ABE04-4FF3-4447-B60E-82ACAE04E43D}.Debug|Any CPU.ActiveCfg = Debug|Any CPU
		{3C8ABE04-4FF3-4447-B60E-82ACAE04E43D}.Debug|Any CPU.Build.0 = Debug|Any CPU
		{3C8ABE04-4FF3-4447-B60E-82ACAE04E43D}.Release|Any CPU.ActiveCfg = Release|Any CPU
		{3C8ABE04-4FF3-4447-B60E-82ACAE04E43D}.Release|Any CPU.Build.0 = Release|Any CPU
		{4606C6E0-5CD7-4F65-87A6-73C8EF68FB92}.Debug|Any CPU.ActiveCfg = Debug|Any CPU
		{4606C6E0-5CD7-4F65-87A6-73C8EF68FB92}.Debug|Any CPU.Build.0 = Debug|Any CPU
		{4606C6E0-5CD7-4F65-87A6-73C8EF68FB92}.Release|Any CPU.ActiveCfg = Release|Any CPU
		{4606C6E0-5CD7-4F65-87A6-73C8EF68FB92}.Release|Any CPU.Build.0 = Release|Any CPU
		{316C36D3-6157-4521-92CB-99CA42849699}.Debug|Any CPU.ActiveCfg = Debug|Any CPU
		{316C36D3-6157-4521-92CB-99CA42849699}.Debug|Any CPU.Build.0 = Debug|Any CPU
		{316C36D3-6157-4521-92CB-99CA42849699}.Release|Any CPU.ActiveCfg = Release|Any CPU
		{316C36D3-6157-4521-92CB-99CA42849699}.Release|Any CPU.Build.0 = Release|Any CPU
	EndGlobalSection
	GlobalSection(SolutionProperties) = preSolution
		HideSolutionNode = FALSE
	EndGlobalSection
EndGlobal
