
Microsoft Visual Studio Solution File, Format Version 12.00
# Visual Studio 2012
Project("{FAE04EC0-301F-11D3-BF4B-00C04F79EFBC}") = "1.ExchangeIfGreater", "1.ExchangeIfGreater\1.ExchangeIfGreater.csproj", "{3E1BFB78-92F5-40CE-BE32-1C306F40B409}"
EndProject
Project("{FAE04EC0-301F-11D3-BF4B-00C04F79EFBC}") = "2.BonusScore", "2.BonusScore\2.BonusScore.csproj", "{5D2A1D20-3010-44D7-B379-DE8E5728268B}"
EndProject
Project("{FAE04EC0-301F-11D3-BF4B-00C04F79EFBC}") = "3.CheckForAPlayCard", "3.CheckForAPlayCard\3.CheckForAPlayCard.csproj", "{8A6A5EC7-B95B-4687-8C0A-3AFC1E776303}"
EndProject
Project("{FAE04EC0-301F-11D3-BF4B-00C04F79EFBC}") = "4.MultiplicationSign", "4.MultiplicationSign\4.MultiplicationSign.csproj", "{79AB03B6-58B3-4C5F-91DF-614CB992A42E}"
EndProject
Project("{FAE04EC0-301F-11D3-BF4B-00C04F79EFBC}") = "5.TheBiggestOf3Numbers", "5.TheBiggestOf3Numbers\5.TheBiggestOf3Numbers.csproj", "{E011E8AE-FDC3-4701-A5CA-8E342D1A7A9A}"
EndProject
Project("{FAE04EC0-301F-11D3-BF4B-00C04F79EFBC}") = "6.TheBiggestOf5Numbers", "6.TheBiggestOf5Numbers\6.TheBiggestOf5Numbers.csproj", "{C65B2A82-F560-4C5B-AF5C-B7D35BFB722D}"
EndProject
Project("{FAE04EC0-301F-11D3-BF4B-00C04F79EFBC}") = "7.Sort3NumbersWithNestedIfs", "7.Sort3NumbersWithNestedIfs\7.Sort3NumbersWithNestedIfs.csproj", "{33544A6A-0F49-4F82-AC36-97C893ECC4E8}"
EndProject
Project("{FAE04EC0-301F-11D3-BF4B-00C04F79EFBC}") = "8.DigitAsWord", "8.DigitAsWord\8.DigitAsWord.csproj", "{2322A0E4-6F17-4722-A28C-7C1F76292033}"
EndProject
Project("{FAE04EC0-301F-11D3-BF4B-00C04F79EFBC}") = "9.PlayWithIntDoubleString", "9.PlayWithIntDoubleString\9.PlayWithIntDoubleString.csproj", "{D2ED41F6-006A-40DD-BB7D-FD84FFF19541}"
EndProject
Project("{FAE04EC0-301F-11D3-BF4B-00C04F79EFBC}") = "10.BeerTime", "10.BeerTime\10.BeerTime.csproj", "{D47529C1-7B61-4B7A-80FB-AD71E31B989D}"
EndProject
Project("{FAE04EC0-301F-11D3-BF4B-00C04F79EFBC}") = "11.NumberAsWords", "11.NumberAsWords\11.NumberAsWords.csproj", "{E0F4241D-64DA-4B71-8A5B-231C38ADE395}"
EndProject
Global
	GlobalSection(SolutionConfigurationPlatforms) = preSolution
		Debug|Any CPU = Debug|Any CPU
		Release|Any CPU = Release|Any CPU
	EndGlobalSection
	GlobalSection(ProjectConfigurationPlatforms) = postSolution
		{3E1BFB78-92F5-40CE-BE32-1C306F40B409}.Debug|Any CPU.ActiveCfg = Debug|Any CPU
		{3E1BFB78-92F5-40CE-BE32-1C306F40B409}.Debug|Any CPU.Build.0 = Debug|Any CPU
		{3E1BFB78-92F5-40CE-BE32-1C306F40B409}.Release|Any CPU.ActiveCfg = Release|Any CPU
		{3E1BFB78-92F5-40CE-BE32-1C306F40B409}.Release|Any CPU.Build.0 = Release|Any CPU
		{5D2A1D20-3010-44D7-B379-DE8E5728268B}.Debug|Any CPU.ActiveCfg = Debug|Any CPU
		{5D2A1D20-3010-44D7-B379-DE8E5728268B}.Debug|Any CPU.Build.0 = Debug|Any CPU
		{5D2A1D20-3010-44D7-B379-DE8E5728268B}.Release|Any CPU.ActiveCfg = Release|Any CPU
		{5D2A1D20-3010-44D7-B379-DE8E5728268B}.Release|Any CPU.Build.0 = Release|Any CPU
		{8A6A5EC7-B95B-4687-8C0A-3AFC1E776303}.Debug|Any CPU.ActiveCfg = Debug|Any CPU
		{8A6A5EC7-B95B-4687-8C0A-3AFC1E776303}.Debug|Any CPU.Build.0 = Debug|Any CPU
		{8A6A5EC7-B95B-4687-8C0A-3AFC1E776303}.Release|Any CPU.ActiveCfg = Release|Any CPU
		{8A6A5EC7-B95B-4687-8C0A-3AFC1E776303}.Release|Any CPU.Build.0 = Release|Any CPU
		{79AB03B6-58B3-4C5F-91DF-614CB992A42E}.Debug|Any CPU.ActiveCfg = Debug|Any CPU
		{79AB03B6-58B3-4C5F-91DF-614CB992A42E}.Debug|Any CPU.Build.0 = Debug|Any CPU
		{79AB03B6-58B3-4C5F-91DF-614CB992A42E}.Release|Any CPU.ActiveCfg = Release|Any CPU
		{79AB03B6-58B3-4C5F-91DF-614CB992A42E}.Release|Any CPU.Build.0 = Release|Any CPU
		{E011E8AE-FDC3-4701-A5CA-8E342D1A7A9A}.Debug|Any CPU.ActiveCfg = Debug|Any CPU
		{E011E8AE-FDC3-4701-A5CA-8E342D1A7A9A}.Debug|Any CPU.Build.0 = Debug|Any CPU
		{E011E8AE-FDC3-4701-A5CA-8E342D1A7A9A}.Release|Any CPU.ActiveCfg = Release|Any CPU
		{E011E8AE-FDC3-4701-A5CA-8E342D1A7A9A}.Release|Any CPU.Build.0 = Release|Any CPU
		{C65B2A82-F560-4C5B-AF5C-B7D35BFB722D}.Debug|Any CPU.ActiveCfg = Debug|Any CPU
		{C65B2A82-F560-4C5B-AF5C-B7D35BFB722D}.Debug|Any CPU.Build.0 = Debug|Any CPU
		{C65B2A82-F560-4C5B-AF5C-B7D35BFB722D}.Release|Any CPU.ActiveCfg = Release|Any CPU
		{C65B2A82-F560-4C5B-AF5C-B7D35BFB722D}.Release|Any CPU.Build.0 = Release|Any CPU
		{33544A6A-0F49-4F82-AC36-97C893ECC4E8}.Debug|Any CPU.ActiveCfg = Debug|Any CPU
		{33544A6A-0F49-4F82-AC36-97C893ECC4E8}.Debug|Any CPU.Build.0 = Debug|Any CPU
		{33544A6A-0F49-4F82-AC36-97C893ECC4E8}.Release|Any CPU.ActiveCfg = Release|Any CPU
		{33544A6A-0F49-4F82-AC36-97C893ECC4E8}.Release|Any CPU.Build.0 = Release|Any CPU
		{2322A0E4-6F17-4722-A28C-7C1F76292033}.Debug|Any CPU.ActiveCfg = Debug|Any CPU
		{2322A0E4-6F17-4722-A28C-7C1F76292033}.Debug|Any CPU.Build.0 = Debug|Any CPU
		{2322A0E4-6F17-4722-A28C-7C1F76292033}.Release|Any CPU.ActiveCfg = Release|Any CPU
		{2322A0E4-6F17-4722-A28C-7C1F76292033}.Release|Any CPU.Build.0 = Release|Any CPU
		{D2ED41F6-006A-40DD-BB7D-FD84FFF19541}.Debug|Any CPU.ActiveCfg = Debug|Any CPU
		{D2ED41F6-006A-40DD-BB7D-FD84FFF19541}.Debug|Any CPU.Build.0 = Debug|Any CPU
		{D2ED41F6-006A-40DD-BB7D-FD84FFF19541}.Release|Any CPU.ActiveCfg = Release|Any CPU
		{D2ED41F6-006A-40DD-BB7D-FD84FFF19541}.Release|Any CPU.Build.0 = Release|Any CPU
		{D47529C1-7B61-4B7A-80FB-AD71E31B989D}.Debug|Any CPU.ActiveCfg = Debug|Any CPU
		{D47529C1-7B61-4B7A-80FB-AD71E31B989D}.Debug|Any CPU.Build.0 = Debug|Any CPU
		{D47529C1-7B61-4B7A-80FB-AD71E31B989D}.Release|Any CPU.ActiveCfg = Release|Any CPU
		{D47529C1-7B61-4B7A-80FB-AD71E31B989D}.Release|Any CPU.Build.0 = Release|Any CPU
		{E0F4241D-64DA-4B71-8A5B-231C38ADE395}.Debug|Any CPU.ActiveCfg = Debug|Any CPU
		{E0F4241D-64DA-4B71-8A5B-231C38ADE395}.Debug|Any CPU.Build.0 = Debug|Any CPU
		{E0F4241D-64DA-4B71-8A5B-231C38ADE395}.Release|Any CPU.ActiveCfg = Release|Any CPU
		{E0F4241D-64DA-4B71-8A5B-231C38ADE395}.Release|Any CPU.Build.0 = Release|Any CPU
	EndGlobalSection
	GlobalSection(SolutionProperties) = preSolution
		HideSolutionNode = FALSE
	EndGlobalSection
EndGlobal
