
Microsoft Visual Studio Solution File, Format Version 12.00
# Visual Studio 2012
Project("{FAE04EC0-301F-11D3-BF4B-00C04F79EFBC}") = "01.NumbersFrom1ToN", "01.NumbersFrom1ToN\01.NumbersFrom1ToN.csproj", "{27D84254-4E91-4D6C-9269-0225BDEEF1F8}"
EndProject
Project("{FAE04EC0-301F-11D3-BF4B-00C04F79EFBC}") = "02.NumbersNotDivisibleBy3And7", "02.NumbersNotDivisibleBy3And7\02.NumbersNotDivisibleBy3And7.csproj", "{1CD6EF63-50AE-45A0-9252-381A4EF15BE8}"
EndProject
Project("{FAE04EC0-301F-11D3-BF4B-00C04F79EFBC}") = "03.MinMaxSumAndAverageOfNNumbers", "03.MinMaxSumAndAverageOfNNumbers\03.MinMaxSumAndAverageOfNNumbers.csproj", "{73C5EFAB-4EC0-4D13-9D26-5FB39C93DF76}"
EndProject
Project("{FAE04EC0-301F-11D3-BF4B-00C04F79EFBC}") = "04.PrintADeckOf52Cards", "04.PrintADeckOf52Cards\04.PrintADeckOf52Cards.csproj", "{9038D254-975E-4E13-8584-F5E079DB5E8F}"
EndProject
Project("{FAE04EC0-301F-11D3-BF4B-00C04F79EFBC}") = "09.MatrixOfNumbers", "09.MatrixOfNumbers\09.MatrixOfNumbers.csproj", "{1570BBF6-FF8A-47B6-88D2-7533FCFDE47F}"
EndProject
Project("{FAE04EC0-301F-11D3-BF4B-00C04F79EFBC}") = "05.CalculatingASum", "05.CalculatingASum\05.CalculatingASum.csproj", "{D38F7144-A87E-452D-ADED-CD9997704620}"
EndProject
Project("{FAE04EC0-301F-11D3-BF4B-00C04F79EFBC}") = "06.CalculateN!DividedK!", "06.CalculateN!DividedK!\06.CalculateN!DividedK!.csproj", "{6DEF3ECC-7BED-4FCA-BD83-F1AF400BEFCA}"
EndProject
Project("{FAE04EC0-301F-11D3-BF4B-00C04F79EFBC}") = "07.Combinatorics", "07.Combinatorics\07.Combinatorics.csproj", "{E857D730-A547-4A3D-AE4D-E4F16C0F07F3}"
EndProject
Project("{FAE04EC0-301F-11D3-BF4B-00C04F79EFBC}") = "08.CatalanNumbers", "08.CatalanNumbers\08.CatalanNumbers.csproj", "{D55EB0F0-38D7-45F8-89E9-3BBA09D9EDBF}"
EndProject
Project("{FAE04EC0-301F-11D3-BF4B-00C04F79EFBC}") = "10.OddAndEvenProduct", "10.OddAndEvenProduct\10.OddAndEvenProduct.csproj", "{262D95C5-07D8-4C4D-AF0D-18F8D86B00DD}"
EndProject
Project("{FAE04EC0-301F-11D3-BF4B-00C04F79EFBC}") = "11.RandomNumbersInGivenRange", "11.RandomNumbersInGivenRange\11.RandomNumbersInGivenRange.csproj", "{3FBB1664-8E0A-45D0-B859-46901CFFBC23}"
EndProject
Project("{FAE04EC0-301F-11D3-BF4B-00C04F79EFBC}") = "12.RandomizeTheNumbers1…N", "12.RandomizeTheNumbers1…N\12.RandomizeTheNumbers1…N.csproj", "{CFB7DD15-D22B-48D8-B3D2-278E3E6500BA}"
EndProject
Project("{FAE04EC0-301F-11D3-BF4B-00C04F79EFBC}") = "13.BinaryToDecimalNumber", "13.BinaryToDecimalNumber\13.BinaryToDecimalNumber.csproj", "{6F212ED2-0222-442F-88C7-1E174B153FD2}"
EndProject
Project("{FAE04EC0-301F-11D3-BF4B-00C04F79EFBC}") = "14.DecimalToBinaryNumber", "14.DecimalToBinaryNumber\14.DecimalToBinaryNumber.csproj", "{753A1135-9F54-492C-914D-5EAAC65C6F84}"
EndProject
Project("{FAE04EC0-301F-11D3-BF4B-00C04F79EFBC}") = "15.HexadecimalToDecimalNumber", "15.HexadecimalToDecimalNumber\15.HexadecimalToDecimalNumber.csproj", "{D7BCBA17-8C28-4696-811C-0FD0B743C22F}"
EndProject
Project("{FAE04EC0-301F-11D3-BF4B-00C04F79EFBC}") = "16.DecimalToHexadecimalNumber", "16.DecimalToHexadecimalNumber\16.DecimalToHexadecimalNumber.csproj", "{928CE3A9-C524-451A-ACD6-071047E2C758}"
EndProject
Project("{FAE04EC0-301F-11D3-BF4B-00C04F79EFBC}") = "17.CalculateGCD", "17.CalculateGCD\17.CalculateGCD.csproj", "{17FB503F-ADB4-4AD3-96AF-2E62664ACD70}"
EndProject
Project("{FAE04EC0-301F-11D3-BF4B-00C04F79EFBC}") = "18.TrailingZeroesInN!", "18.TrailingZeroesInN!\18.TrailingZeroesInN!.csproj", "{301E6E84-1A33-43AD-A3F6-2ACD74415D6D}"
EndProject
Global
	GlobalSection(SolutionConfigurationPlatforms) = preSolution
		Debug|Any CPU = Debug|Any CPU
		Release|Any CPU = Release|Any CPU
	EndGlobalSection
	GlobalSection(ProjectConfigurationPlatforms) = postSolution
		{27D84254-4E91-4D6C-9269-0225BDEEF1F8}.Debug|Any CPU.ActiveCfg = Debug|Any CPU
		{27D84254-4E91-4D6C-9269-0225BDEEF1F8}.Debug|Any CPU.Build.0 = Debug|Any CPU
		{27D84254-4E91-4D6C-9269-0225BDEEF1F8}.Release|Any CPU.ActiveCfg = Release|Any CPU
		{27D84254-4E91-4D6C-9269-0225BDEEF1F8}.Release|Any CPU.Build.0 = Release|Any CPU
		{1CD6EF63-50AE-45A0-9252-381A4EF15BE8}.Debug|Any CPU.ActiveCfg = Debug|Any CPU
		{1CD6EF63-50AE-45A0-9252-381A4EF15BE8}.Debug|Any CPU.Build.0 = Debug|Any CPU
		{1CD6EF63-50AE-45A0-9252-381A4EF15BE8}.Release|Any CPU.ActiveCfg = Release|Any CPU
		{1CD6EF63-50AE-45A0-9252-381A4EF15BE8}.Release|Any CPU.Build.0 = Release|Any CPU
		{73C5EFAB-4EC0-4D13-9D26-5FB39C93DF76}.Debug|Any CPU.ActiveCfg = Debug|Any CPU
		{73C5EFAB-4EC0-4D13-9D26-5FB39C93DF76}.Debug|Any CPU.Build.0 = Debug|Any CPU
		{73C5EFAB-4EC0-4D13-9D26-5FB39C93DF76}.Release|Any CPU.ActiveCfg = Release|Any CPU
		{73C5EFAB-4EC0-4D13-9D26-5FB39C93DF76}.Release|Any CPU.Build.0 = Release|Any CPU
		{9038D254-975E-4E13-8584-F5E079DB5E8F}.Debug|Any CPU.ActiveCfg = Debug|Any CPU
		{9038D254-975E-4E13-8584-F5E079DB5E8F}.Debug|Any CPU.Build.0 = Debug|Any CPU
		{9038D254-975E-4E13-8584-F5E079DB5E8F}.Release|Any CPU.ActiveCfg = Release|Any CPU
		{9038D254-975E-4E13-8584-F5E079DB5E8F}.Release|Any CPU.Build.0 = Release|Any CPU
		{1570BBF6-FF8A-47B6-88D2-7533FCFDE47F}.Debug|Any CPU.ActiveCfg = Debug|Any CPU
		{1570BBF6-FF8A-47B6-88D2-7533FCFDE47F}.Debug|Any CPU.Build.0 = Debug|Any CPU
		{1570BBF6-FF8A-47B6-88D2-7533FCFDE47F}.Release|Any CPU.ActiveCfg = Release|Any CPU
		{1570BBF6-FF8A-47B6-88D2-7533FCFDE47F}.Release|Any CPU.Build.0 = Release|Any CPU
		{D38F7144-A87E-452D-ADED-CD9997704620}.Debug|Any CPU.ActiveCfg = Debug|Any CPU
		{D38F7144-A87E-452D-ADED-CD9997704620}.Debug|Any CPU.Build.0 = Debug|Any CPU
		{D38F7144-A87E-452D-ADED-CD9997704620}.Release|Any CPU.ActiveCfg = Release|Any CPU
		{D38F7144-A87E-452D-ADED-CD9997704620}.Release|Any CPU.Build.0 = Release|Any CPU
		{6DEF3ECC-7BED-4FCA-BD83-F1AF400BEFCA}.Debug|Any CPU.ActiveCfg = Debug|Any CPU
		{6DEF3ECC-7BED-4FCA-BD83-F1AF400BEFCA}.Debug|Any CPU.Build.0 = Debug|Any CPU
		{6DEF3ECC-7BED-4FCA-BD83-F1AF400BEFCA}.Release|Any CPU.ActiveCfg = Release|Any CPU
		{6DEF3ECC-7BED-4FCA-BD83-F1AF400BEFCA}.Release|Any CPU.Build.0 = Release|Any CPU
		{E857D730-A547-4A3D-AE4D-E4F16C0F07F3}.Debug|Any CPU.ActiveCfg = Debug|Any CPU
		{E857D730-A547-4A3D-AE4D-E4F16C0F07F3}.Debug|Any CPU.Build.0 = Debug|Any CPU
		{E857D730-A547-4A3D-AE4D-E4F16C0F07F3}.Release|Any CPU.ActiveCfg = Release|Any CPU
		{E857D730-A547-4A3D-AE4D-E4F16C0F07F3}.Release|Any CPU.Build.0 = Release|Any CPU
		{D55EB0F0-38D7-45F8-89E9-3BBA09D9EDBF}.Debug|Any CPU.ActiveCfg = Debug|Any CPU
		{D55EB0F0-38D7-45F8-89E9-3BBA09D9EDBF}.Debug|Any CPU.Build.0 = Debug|Any CPU
		{D55EB0F0-38D7-45F8-89E9-3BBA09D9EDBF}.Release|Any CPU.ActiveCfg = Release|Any CPU
		{D55EB0F0-38D7-45F8-89E9-3BBA09D9EDBF}.Release|Any CPU.Build.0 = Release|Any CPU
		{262D95C5-07D8-4C4D-AF0D-18F8D86B00DD}.Debug|Any CPU.ActiveCfg = Debug|Any CPU
		{262D95C5-07D8-4C4D-AF0D-18F8D86B00DD}.Debug|Any CPU.Build.0 = Debug|Any CPU
		{262D95C5-07D8-4C4D-AF0D-18F8D86B00DD}.Release|Any CPU.ActiveCfg = Release|Any CPU
		{262D95C5-07D8-4C4D-AF0D-18F8D86B00DD}.Release|Any CPU.Build.0 = Release|Any CPU
		{3FBB1664-8E0A-45D0-B859-46901CFFBC23}.Debug|Any CPU.ActiveCfg = Debug|Any CPU
		{3FBB1664-8E0A-45D0-B859-46901CFFBC23}.Debug|Any CPU.Build.0 = Debug|Any CPU
		{3FBB1664-8E0A-45D0-B859-46901CFFBC23}.Release|Any CPU.ActiveCfg = Release|Any CPU
		{3FBB1664-8E0A-45D0-B859-46901CFFBC23}.Release|Any CPU.Build.0 = Release|Any CPU
		{CFB7DD15-D22B-48D8-B3D2-278E3E6500BA}.Debug|Any CPU.ActiveCfg = Debug|Any CPU
		{CFB7DD15-D22B-48D8-B3D2-278E3E6500BA}.Debug|Any CPU.Build.0 = Debug|Any CPU
		{CFB7DD15-D22B-48D8-B3D2-278E3E6500BA}.Release|Any CPU.ActiveCfg = Release|Any CPU
		{CFB7DD15-D22B-48D8-B3D2-278E3E6500BA}.Release|Any CPU.Build.0 = Release|Any CPU
		{6F212ED2-0222-442F-88C7-1E174B153FD2}.Debug|Any CPU.ActiveCfg = Debug|Any CPU
		{6F212ED2-0222-442F-88C7-1E174B153FD2}.Debug|Any CPU.Build.0 = Debug|Any CPU
		{6F212ED2-0222-442F-88C7-1E174B153FD2}.Release|Any CPU.ActiveCfg = Release|Any CPU
		{6F212ED2-0222-442F-88C7-1E174B153FD2}.Release|Any CPU.Build.0 = Release|Any CPU
		{753A1135-9F54-492C-914D-5EAAC65C6F84}.Debug|Any CPU.ActiveCfg = Debug|Any CPU
		{753A1135-9F54-492C-914D-5EAAC65C6F84}.Debug|Any CPU.Build.0 = Debug|Any CPU
		{753A1135-9F54-492C-914D-5EAAC65C6F84}.Release|Any CPU.ActiveCfg = Release|Any CPU
		{753A1135-9F54-492C-914D-5EAAC65C6F84}.Release|Any CPU.Build.0 = Release|Any CPU
		{D7BCBA17-8C28-4696-811C-0FD0B743C22F}.Debug|Any CPU.ActiveCfg = Debug|Any CPU
		{D7BCBA17-8C28-4696-811C-0FD0B743C22F}.Debug|Any CPU.Build.0 = Debug|Any CPU
		{D7BCBA17-8C28-4696-811C-0FD0B743C22F}.Release|Any CPU.ActiveCfg = Release|Any CPU
		{D7BCBA17-8C28-4696-811C-0FD0B743C22F}.Release|Any CPU.Build.0 = Release|Any CPU
		{928CE3A9-C524-451A-ACD6-071047E2C758}.Debug|Any CPU.ActiveCfg = Debug|Any CPU
		{928CE3A9-C524-451A-ACD6-071047E2C758}.Debug|Any CPU.Build.0 = Debug|Any CPU
		{928CE3A9-C524-451A-ACD6-071047E2C758}.Release|Any CPU.ActiveCfg = Release|Any CPU
		{928CE3A9-C524-451A-ACD6-071047E2C758}.Release|Any CPU.Build.0 = Release|Any CPU
		{17FB503F-ADB4-4AD3-96AF-2E62664ACD70}.Debug|Any CPU.ActiveCfg = Debug|Any CPU
		{17FB503F-ADB4-4AD3-96AF-2E62664ACD70}.Debug|Any CPU.Build.0 = Debug|Any CPU
		{17FB503F-ADB4-4AD3-96AF-2E62664ACD70}.Release|Any CPU.ActiveCfg = Release|Any CPU
		{17FB503F-ADB4-4AD3-96AF-2E62664ACD70}.Release|Any CPU.Build.0 = Release|Any CPU
		{301E6E84-1A33-43AD-A3F6-2ACD74415D6D}.Debug|Any CPU.ActiveCfg = Debug|Any CPU
		{301E6E84-1A33-43AD-A3F6-2ACD74415D6D}.Debug|Any CPU.Build.0 = Debug|Any CPU
		{301E6E84-1A33-43AD-A3F6-2ACD74415D6D}.Release|Any CPU.ActiveCfg = Release|Any CPU
		{301E6E84-1A33-43AD-A3F6-2ACD74415D6D}.Release|Any CPU.Build.0 = Release|Any CPU
	EndGlobalSection
	GlobalSection(SolutionProperties) = preSolution
		HideSolutionNode = FALSE
	EndGlobalSection
EndGlobal
