
Microsoft Visual Studio Solution File, Format Version 12.00
# Visual Studio 2012
Project("{FAE04EC0-301F-11D3-BF4B-00C04F79EFBC}") = "01-10.DefiningClasses", "Point3D\01-10.DefiningClasses.csproj", "{8BF98845-3FDC-40BD-AEA6-7BC2C4429064}"
EndProject
Project("{FAE04EC0-301F-11D3-BF4B-00C04F79EFBC}") = "11.VersionAttribute", "11.VersionAttribute\11.VersionAttribute.csproj", "{AF9FEC7B-8DFA-4436-9338-A65745E73B79}"
EndProject
Global
	GlobalSection(SolutionConfigurationPlatforms) = preSolution
		Debug|Any CPU = Debug|Any CPU
		Release|Any CPU = Release|Any CPU
	EndGlobalSection
	GlobalSection(ProjectConfigurationPlatforms) = postSolution
		{8BF98845-3FDC-40BD-AEA6-7BC2C4429064}.Debug|Any CPU.ActiveCfg = Debug|Any CPU
		{8BF98845-3FDC-40BD-AEA6-7BC2C4429064}.Debug|Any CPU.Build.0 = Debug|Any CPU
		{8BF98845-3FDC-40BD-AEA6-7BC2C4429064}.Release|Any CPU.ActiveCfg = Release|Any CPU
		{8BF98845-3FDC-40BD-AEA6-7BC2C4429064}.Release|Any CPU.Build.0 = Release|Any CPU
		{AF9FEC7B-8DFA-4436-9338-A65745E73B79}.Debug|Any CPU.ActiveCfg = Debug|Any CPU
		{AF9FEC7B-8DFA-4436-9338-A65745E73B79}.Debug|Any CPU.Build.0 = Debug|Any CPU
		{AF9FEC7B-8DFA-4436-9338-A65745E73B79}.Release|Any CPU.ActiveCfg = Release|Any CPU
		{AF9FEC7B-8DFA-4436-9338-A65745E73B79}.Release|Any CPU.Build.0 = Release|Any CPU
	EndGlobalSection
	GlobalSection(SolutionProperties) = preSolution
		HideSolutionNode = FALSE
	EndGlobalSection
EndGlobal
