
Microsoft Visual Studio Solution File, Format Version 12.00
# Visual Studio 2012
Project("{FAE04EC0-301F-11D3-BF4B-00C04F79EFBC}") = "HelloCSharp", "Hello-CS\HelloCSharp.csproj", "{CC5E38D9-7B5B-47CF-9223-309638E26AB4}"
EndProject
Project("{FAE04EC0-301F-11D3-BF4B-00C04F79EFBC}") = "PrintMyName", "PrintMyName\PrintMyName.csproj", "{83D73B06-5996-4395-AE10-4E3BFFFB7258}"
EndProject
Project("{FAE04EC0-301F-11D3-BF4B-00C04F79EFBC}") = "PrintNumbers", "PrintNumbers\PrintNumbers.csproj", "{17B693F0-3C3F-426E-8E80-489B6FA618EE}"
EndProject
Project("{FAE04EC0-301F-11D3-BF4B-00C04F79EFBC}") = "FirstAndLastName", "FirstAndLastName\FirstAndLastName.csproj", "{B431947F-9FF0-4410-B4B0-7B7C0AF4EAF0}"
EndProject
Project("{FAE04EC0-301F-11D3-BF4B-00C04F79EFBC}") = "SquareRoot", "SquareRoot\SquareRoot.csproj", "{CD3754BF-8EF1-4F80-A846-1D8F3A6B6A3B}"
EndProject
Project("{FAE04EC0-301F-11D3-BF4B-00C04F79EFBC}") = "PrintSequence", "PrintSequence\PrintSequence.csproj", "{BFB1E058-B8C9-49ED-997E-A4FD090CAFED}"
EndProject
Project("{FAE04EC0-301F-11D3-BF4B-00C04F79EFBC}") = "ReformatCode", "ReformatCode\ReformatCode.csproj", "{036F994A-B356-4022-BA27-C361C9658FA6}"
EndProject
Project("{FAE04EC0-301F-11D3-BF4B-00C04F79EFBC}") = "DateAndTime", "DateandTime\DateAndTime.csproj", "{30AD2746-DF87-462E-9724-9E0DDA119D0D}"
EndProject
Project("{FAE04EC0-301F-11D3-BF4B-00C04F79EFBC}") = "AgeAfter10Years", "AgeAfter10Years\AgeAfter10Years.csproj", "{412BD405-F96F-4630-AD69-26B1F1D08619}"
EndProject
Project("{FAE04EC0-301F-11D3-BF4B-00C04F79EFBC}") = "PrintLongSequence", "PrintLongSequence\PrintLongSequence.csproj", "{38223466-E6E3-45BA-9441-D4ADD003D9E4}"
EndProject
Global
	GlobalSection(SolutionConfigurationPlatforms) = preSolution
		Debug|Any CPU = Debug|Any CPU
		Release|Any CPU = Release|Any CPU
	EndGlobalSection
	GlobalSection(ProjectConfigurationPlatforms) = postSolution
		{CC5E38D9-7B5B-47CF-9223-309638E26AB4}.Debug|Any CPU.ActiveCfg = Debug|Any CPU
		{CC5E38D9-7B5B-47CF-9223-309638E26AB4}.Debug|Any CPU.Build.0 = Debug|Any CPU
		{CC5E38D9-7B5B-47CF-9223-309638E26AB4}.Release|Any CPU.ActiveCfg = Release|Any CPU
		{CC5E38D9-7B5B-47CF-9223-309638E26AB4}.Release|Any CPU.Build.0 = Release|Any CPU
		{83D73B06-5996-4395-AE10-4E3BFFFB7258}.Debug|Any CPU.ActiveCfg = Debug|Any CPU
		{83D73B06-5996-4395-AE10-4E3BFFFB7258}.Debug|Any CPU.Build.0 = Debug|Any CPU
		{83D73B06-5996-4395-AE10-4E3BFFFB7258}.Release|Any CPU.ActiveCfg = Release|Any CPU
		{83D73B06-5996-4395-AE10-4E3BFFFB7258}.Release|Any CPU.Build.0 = Release|Any CPU
		{17B693F0-3C3F-426E-8E80-489B6FA618EE}.Debug|Any CPU.ActiveCfg = Debug|Any CPU
		{17B693F0-3C3F-426E-8E80-489B6FA618EE}.Debug|Any CPU.Build.0 = Debug|Any CPU
		{17B693F0-3C3F-426E-8E80-489B6FA618EE}.Release|Any CPU.ActiveCfg = Release|Any CPU
		{17B693F0-3C3F-426E-8E80-489B6FA618EE}.Release|Any CPU.Build.0 = Release|Any CPU
		{B431947F-9FF0-4410-B4B0-7B7C0AF4EAF0}.Debug|Any CPU.ActiveCfg = Debug|Any CPU
		{B431947F-9FF0-4410-B4B0-7B7C0AF4EAF0}.Debug|Any CPU.Build.0 = Debug|Any CPU
		{B431947F-9FF0-4410-B4B0-7B7C0AF4EAF0}.Release|Any CPU.ActiveCfg = Release|Any CPU
		{B431947F-9FF0-4410-B4B0-7B7C0AF4EAF0}.Release|Any CPU.Build.0 = Release|Any CPU
		{CD3754BF-8EF1-4F80-A846-1D8F3A6B6A3B}.Debug|Any CPU.ActiveCfg = Debug|Any CPU
		{CD3754BF-8EF1-4F80-A846-1D8F3A6B6A3B}.Debug|Any CPU.Build.0 = Debug|Any CPU
		{CD3754BF-8EF1-4F80-A846-1D8F3A6B6A3B}.Release|Any CPU.ActiveCfg = Release|Any CPU
		{CD3754BF-8EF1-4F80-A846-1D8F3A6B6A3B}.Release|Any CPU.Build.0 = Release|Any CPU
		{BFB1E058-B8C9-49ED-997E-A4FD090CAFED}.Debug|Any CPU.ActiveCfg = Debug|Any CPU
		{BFB1E058-B8C9-49ED-997E-A4FD090CAFED}.Debug|Any CPU.Build.0 = Debug|Any CPU
		{BFB1E058-B8C9-49ED-997E-A4FD090CAFED}.Release|Any CPU.ActiveCfg = Release|Any CPU
		{BFB1E058-B8C9-49ED-997E-A4FD090CAFED}.Release|Any CPU.Build.0 = Release|Any CPU
		{036F994A-B356-4022-BA27-C361C9658FA6}.Debug|Any CPU.ActiveCfg = Debug|Any CPU
		{036F994A-B356-4022-BA27-C361C9658FA6}.Debug|Any CPU.Build.0 = Debug|Any CPU
		{036F994A-B356-4022-BA27-C361C9658FA6}.Release|Any CPU.ActiveCfg = Release|Any CPU
		{036F994A-B356-4022-BA27-C361C9658FA6}.Release|Any CPU.Build.0 = Release|Any CPU
		{30AD2746-DF87-462E-9724-9E0DDA119D0D}.Debug|Any CPU.ActiveCfg = Debug|Any CPU
		{30AD2746-DF87-462E-9724-9E0DDA119D0D}.Debug|Any CPU.Build.0 = Debug|Any CPU
		{30AD2746-DF87-462E-9724-9E0DDA119D0D}.Release|Any CPU.ActiveCfg = Release|Any CPU
		{30AD2746-DF87-462E-9724-9E0DDA119D0D}.Release|Any CPU.Build.0 = Release|Any CPU
		{412BD405-F96F-4630-AD69-26B1F1D08619}.Debug|Any CPU.ActiveCfg = Debug|Any CPU
		{412BD405-F96F-4630-AD69-26B1F1D08619}.Debug|Any CPU.Build.0 = Debug|Any CPU
		{412BD405-F96F-4630-AD69-26B1F1D08619}.Release|Any CPU.ActiveCfg = Release|Any CPU
		{412BD405-F96F-4630-AD69-26B1F1D08619}.Release|Any CPU.Build.0 = Release|Any CPU
		{38223466-E6E3-45BA-9441-D4ADD003D9E4}.Debug|Any CPU.ActiveCfg = Debug|Any CPU
		{38223466-E6E3-45BA-9441-D4ADD003D9E4}.Debug|Any CPU.Build.0 = Debug|Any CPU
		{38223466-E6E3-45BA-9441-D4ADD003D9E4}.Release|Any CPU.ActiveCfg = Release|Any CPU
		{38223466-E6E3-45BA-9441-D4ADD003D9E4}.Release|Any CPU.Build.0 = Release|Any CPU
	EndGlobalSection
	GlobalSection(SolutionProperties) = preSolution
		HideSolutionNode = FALSE
	EndGlobalSection
EndGlobal
